lockfileVersion: '9.0'

settings:
  autoInstallPeers: true
  excludeLinksFromLockfile: false

importers:

  .:
    devDependencies:
      '@prettier/plugin-oxc':
        specifier: 0.1.4
        version: 0.1.4
      '@types/node':
        specifier: 24.12.2
        version: 24.12.2
      cheerio:
        specifier: 1.2.0
        version: 1.2.0
      oxlint:
        specifier: 1.62.0
        version: 1.62.0
      prettier:
        specifier: 3.8.3
        version: 3.8.3
      typescript:
        specifier: 6.0.3
        version: 6.0.3

packages:

  '@emnapi/core@1.9.2':
    resolution: {integrity: sha512-UC+ZhH3XtczQYfOlu3lNEkdW/p4dsJ1r/bP7H8+rhao3TTTMO1ATq/4DdIi23XuGoFY+Cz0JmCbdVl0hz9jZcA==}

  '@emnapi/runtime@1.9.2':
    resolution: {integrity: sha512-3U4+MIWHImeyu1wnmVygh5WlgfYDtyf0k8AbLhMFxOipihf6nrWC4syIm/SwEeec0mNSafiiNnMJwbza/Is6Lw==}

  '@emnapi/wasi-threads@1.2.1':
    resolution: {integrity: sha512-uTII7OYF+/Mes/MrcIOYp5yOtSMLBWSIoLPpcgwipoiKbli6k322tcoFsxoIIxPDqW01SQGAgko4EzZi2BNv2w==}

  '@napi-rs/wasm-runtime@1.1.4':
    resolution: {integrity: sha512-3NQNNgA1YSlJb/kMH1ildASP9HW7/7kYnRI2szWJaofaS1hWmbGI4H+d3+22aGzXXN9IJ+n+GiFVcGipJP18ow==}
    peerDependencies:
      '@emnapi/core': ^1.7.1
      '@emnapi/runtime': ^1.7.1

  '@oxc-parser/binding-android-arm-eabi@0.125.0':
    resolution: {integrity: sha512-YfHwPEH8c5XNOlffaAqhsChNOBgmJ7rEgVbxSwAr65KDR0wbpZUBkrSaCClYL4urf0LmwyULrahHMvFAyk/dwA==}
    engines: {node: ^20.19.0 || >=22.12.0}
    cpu: [arm]
    os: [android]

  '@oxc-parser/binding-android-arm64@0.125.0':
    resolution: {integrity: sha512-rh72O8ackqp0HC+3W38oCTkCFmOpXrHRrbP+4xrX8O1UmCWcyb5pIbA/+0ATPGVVl9NcHt/CgqI8rBuw4Y9kMg==}
    engines: {node: ^20.19.0 || >=22.12.0}
    cpu: [arm64]
    os: [android]

  '@oxc-parser/binding-darwin-arm64@0.125.0':
    resolution: {integrity: sha512-14Q74TMQA/eO0N5dz5Tel25qma9vVJEpmrmqXnx0R7jMXhqFxkSSy40NOtCQijWUfeD5ho5+NuXDl5WSxyifJQ==}
    engines: {node: ^20.19.0 || >=22.12.0}
    cpu: [arm64]
    os: [darwin]

  '@oxc-parser/binding-darwin-x64@0.125.0':
    resolution: {integrity: sha512-qWQDphAaIS6qXeuYcWm4jta8qFZpjjim2WxiPwZmHi77COS8i0Jct8tBcNIOZ/JaVh+hCL2it228m2Lr9GOL6A==}
    engines: {node: ^20.19.0 || >=22.12.0}
    cpu: [x64]
    os: [darwin]

  '@oxc-parser/binding-freebsd-x64@0.125.0':
    resolution: {integrity: sha512-PTATC/j2MvDP8lejoCC7PFWNoYV2NsVzzM0WgBqZDFAkFdKsW0wfbQWochfY3fHNUN1QhZNetrd/K4Pdo6cIHQ==}
    engines: {node: ^20.19.0 || >=22.12.0}
    cpu: [x64]
    os: [freebsd]

  '@oxc-parser/binding-linux-arm-gnueabihf@0.125.0':
    resolution: {integrity: sha512-Colj5agHBAMKZrkyPcCEelfKuh8sNi1lWpJf1TiEeEmbREQ6I2ytG+ccfdDaiUV7Z0Vw5FyJbnqEPgHo8kF3RQ==}
    engines: {node: ^20.19.0 || >=22.12.0}
    cpu: [arm]
    os: [linux]

  '@oxc-parser/binding-linux-arm-musleabihf@0.125.0':
    resolution: {integrity: sha512-BxQ8o082+/qtjAFK6WUV+/bi0y3M0RPvPQNm8JSY7/7LfhbWq6NykgZiGayrtauO1nowpmGlnpJXXMp9q0oT1A==}
    engines: {node: ^20.19.0 || >=22.12.0}
    cpu: [arm]
    os: [linux]

  '@oxc-parser/binding-linux-arm64-gnu@0.125.0':
    resolution: {integrity: sha512-qR0dOth+4whygUwoNnfews8jMC78gjhIBfcy9AFzvxoh7PFGdferRp3KV/4kkeaVk2kOS/5grlAeJevpA+/Pfg==}
    engines: {node: ^20.19.0 || >=22.12.0}
    cpu: [arm64]
    os: [linux]
    libc: [glibc]

  '@oxc-parser/binding-linux-arm64-musl@0.125.0':
    resolution: {integrity: sha512-eIXyzpA12/+maKjMSsXdHfpzwQcoRfzokT+/ZhVEo6u/9RcXQrZZmZ70MmmJqwVcLez6U4ScjB/eiYlsEs7p0g==}
    engines: {node: ^20.19.0 || >=22.12.0}
    cpu: [arm64]
    os: [linux]
    libc: [musl]

  '@oxc-parser/binding-linux-ppc64-gnu@0.125.0':
    resolution: {integrity: sha512-w7ir5OuqSJUKLadmsSAWwTNso/ZGem2bPT/1LSU7l+ecmKPyegIvU+wzY0ADhZ/t/goaedqyp24SDRxyLxO9zg==}
    engines: {node: ^20.19.0 || >=22.12.0}
    cpu: [ppc64]
    os: [linux]
    libc: [glibc]

  '@oxc-parser/binding-linux-riscv64-gnu@0.125.0':
    resolution: {integrity: sha512-2KPTfWorcW8RNE8aEMHKbPSjHDBjFVYqg8nSLRBp7pe7VBqHsmkO9jpK8YmaYA5d5GcUy+J++5O4EgxkrQBEtw==}
    engines: {node: ^20.19.0 || >=22.12.0}
    cpu: [riscv64]
    os: [linux]
    libc: [glibc]

  '@oxc-parser/binding-linux-riscv64-musl@0.125.0':
    resolution: {integrity: sha512-Vsl8dmQdKtDsQiDPHP5VFjXOuVGcZQcziYMkU/yPnlaKHMqoX/q+bxt7K+BwResi9Cc8pnZ6oYGTgPcjAtt5QQ==}
    engines: {node: ^20.19.0 || >=22.12.0}
    cpu: [riscv64]
    os: [linux]
    libc: [musl]

  '@oxc-parser/binding-linux-s390x-gnu@0.125.0':
    resolution: {integrity: sha512-HwY5kuM818r/kHdHG2TZqzqxyF7fz90prPg85R/2VmgRWk8cMyGZo+8BNZDQAMJ6aGSTRvn2sdGXv3sZ5bsUWw==}
    engines: {node: ^20.19.0 || >=22.12.0}
    cpu: [s390x]
    os: [linux]
    libc: [glibc]

  '@oxc-parser/binding-linux-x64-gnu@0.125.0':
    resolution: {integrity: sha512-o7k6+xAI2pIkjBsCqM0elI4q+qY/3TexH6cpIlGm+nJze1tvx7QEHCKdiy6wnRacFvUYmySEZ5hWFBc9MbxrIA==}
    engines: {node: ^20.19.0 || >=22.12.0}
    cpu: [x64]
    os: [linux]
    libc: [glibc]

  '@oxc-parser/binding-linux-x64-musl@0.125.0':
    resolution: {integrity: sha512-vksRynFD6vytE1sDZCaeIk6y6rCsq0a18T4kcXbfGHBq2q/qSyDogWLk3A3S3hl/ikNfse7yrEwAuQ8ldIJeAg==}
    engines: {node: ^20.19.0 || >=22.12.0}
    cpu: [x64]
    os: [linux]
    libc: [musl]

  '@oxc-parser/binding-openharmony-arm64@0.125.0':
    resolution: {integrity: sha512-AAtg4pnKvrKsay2ldZZRY98ALFBOgbyy3Gyxo658z6aecM0Zr5mI9BOHRCchSVKUHqMqmjhCA4wIdZvz02VrAw==}
    engines: {node: ^20.19.0 || >=22.12.0}
    cpu: [arm64]
    os: [openharmony]

  '@oxc-parser/binding-wasm32-wasi@0.125.0':
    resolution: {integrity: sha512-FkIQFrwlBXoFsazb9NQpQPP4YI9sWWXUOLkIPYlQb+hPwr+VY6d0B7l26yMBR2ktf2h3qyAMOW6Pd+mX9rtOJg==}
    engines: {node: '>=14.0.0'}
    cpu: [wasm32]

  '@oxc-parser/binding-win32-arm64-msvc@0.125.0':
    resolution: {integrity: sha512-bi4RY9oktNm3kQ3qRCJgBKtwqSg+mtnt5W9l33rdiTyiXlL8a1LQQy1x7aym/ArHDE+19kSWSr2YDd2ExxzbfQ==}
    engines: {node: ^20.19.0 || >=22.12.0}
    cpu: [arm64]
    os: [win32]

  '@oxc-parser/binding-win32-ia32-msvc@0.125.0':
    resolution: {integrity: sha512-ZhvL2vK+9rzjk1US2d2u6NeI1/jtkzsm//ilFac+Kn3klTpJJlKNZwF23CUiAu+B3rdQUbPItm/BHlL6f/5uPA==}
    engines: {node: ^20.19.0 || >=22.12.0}
    cpu: [ia32]
    os: [win32]

  '@oxc-parser/binding-win32-x64-msvc@0.125.0':
    resolution: {integrity: sha512-P4ywUSCYIg44Y82wF3e0ns1BV1dNn+ZhfjNDwm0FTPtBKXedOCRPrvmjXn7Qb+IDGGHAA68lmDLCjGxuKUwXPw==}
    engines: {node: ^20.19.0 || >=22.12.0}
    cpu: [x64]
    os: [win32]

  '@oxc-project/types@0.125.0':
    resolution: {integrity: sha512-s9RKLJbRR+3kEFB3mmJVPWah3cZUAl0Jzmthx6Pb/QXnlNkRwTP75tK4uVahp/ifiiTmNYMXI1+NnGP1rNurXg==}

  '@oxlint/binding-android-arm-eabi@1.62.0':
    resolution: {integrity: sha512-pKsthNECyvJh8lPTICz6VcwVy2jOqdhhsp1rlxCkhgZR47aKvXPmaRWQDv+zlXpRae4qm1MaaTnutkaOk5aofg==}
    engines: {node: ^20.19.0 || >=22.12.0}
    cpu: [arm]
    os: [android]

  '@oxlint/binding-android-arm64@1.62.0':
    resolution: {integrity: sha512-b1AUNViByvgmR2xJDubvLIr+dSuu3uraG7bsAoKo+xrpspPvu6RIn6Fhr2JUhobfep3jwUTy18Huco6GkwdvGQ==}
    engines: {node: ^20.19.0 || >=22.12.0}
    cpu: [arm64]
    os: [android]

  '@oxlint/binding-darwin-arm64@1.62.0':
    resolution: {integrity: sha512-iG+Tvf70UJ6otfwFYIHk36Sjq9cpPP5YLxkoggANNRtzgi3Tj3g8q6Ybqi6AtkU3+yg9QwF7bDCkCS6bbL4PCg==}
    engines: {node: ^20.19.0 || >=22.12.0}
    cpu: [arm64]
    os: [darwin]

  '@oxlint/binding-darwin-x64@1.62.0':
    resolution: {integrity: sha512-oOWI6YPPr5AJUx+yIDlxmuUbQjS5gZX3OH3QisawYvsZgLiQVvZtR0rPBcJTxLWqt2ClrWg0DlSrlUiG5SQNHg==}
    engines: {node: ^20.19.0 || >=22.12.0}
    cpu: [x64]
    os: [darwin]

  '@oxlint/binding-freebsd-x64@1.62.0':
    resolution: {integrity: sha512-dLP33T7VLCmLVv4cvjkVX+rmkcwNk2UfxmsZPNur/7BQHoQR60zJ7XLiRvNUawlzn0u8ngCa3itjEG73MAMa/w==}
    engines: {node: ^20.19.0 || >=22.12.0}
    cpu: [x64]
    os: [freebsd]

  '@oxlint/binding-linux-arm-gnueabihf@1.62.0':
    resolution: {integrity: sha512-fl//LWNks6qo9chNY60UDYyIwtp7a5cEx4Y/rHPjaarhuwqx6jtbzEpD5V5AqmdL4a6Y5D8zeXg5HF2Cr0QmSQ==}
    engines: {node: ^20.19.0 || >=22.12.0}
    cpu: [arm]
    os: [linux]

  '@oxlint/binding-linux-arm-musleabihf@1.62.0':
    resolution: {integrity: sha512-i5vkAuxvueTODV3J2dL61/TXewDHhMFKvtD156cIsk7GsdfiAu7zW7kY0NJXhKeFHeiMZIh7eFNjkPYH6J47HQ==}
    engines: {node: ^20.19.0 || >=22.12.0}
    cpu: [arm]
    os: [linux]

  '@oxlint/binding-linux-arm64-gnu@1.62.0':
    resolution: {integrity: sha512-QwN19LLuIGuOjEflSeJkZmOTfBdBMlTmW8xbMf8TZhjd//cxVNYQPq75q7oKZBJc6hRx3gY7sX0Egc8cEIFZYg==}
    engines: {node: ^20.19.0 || >=22.12.0}
    cpu: [arm64]
    os: [linux]
    libc: [glibc]

  '@oxlint/binding-linux-arm64-musl@1.62.0':
    resolution: {integrity: sha512-8eCy3FCDuWUM5hWujAv6heMvfZPbcCOU3SdQUAkixZLu5bSzOkNfirJiLGoQFO943xceOKkiQRMQNzH++jM3WA==}
    engines: {node: ^20.19.0 || >=22.12.0}
    cpu: [arm64]
    os: [linux]
    libc: [musl]

  '@oxlint/binding-linux-ppc64-gnu@1.62.0':
    resolution: {integrity: sha512-NjQ7K7tpTPDe9J+yq8p/s/J0E7lRCkK2uDBDqvT4XIT6f4Z0tlnr59OBg/WcrmVHER1AbrcfyxhGTXgcG8ytWg==}
    engines: {node: ^20.19.0 || >=22.12.0}
    cpu: [ppc64]
    os: [linux]
    libc: [glibc]

  '@oxlint/binding-linux-riscv64-gnu@1.62.0':
    resolution: {integrity: sha512-oKZed9gmSwze29dEt3/Wnsv6l/Ygw/FUst+8Kfpv2SGeS/glEoTGZAMQw37SVyzFV76UTHJN2snGgxK2t2+8ow==}
    engines: {node: ^20.19.0 || >=22.12.0}
    cpu: [riscv64]
    os: [linux]
    libc: [glibc]

  '@oxlint/binding-linux-riscv64-musl@1.62.0':
    resolution: {integrity: sha512-gBjBxQ+9lGpAYq+ELqw0w8QXsBnkZclFc7GRX2r0LnEVn3ZTEqeIKpKcGjucmp76Q53bvJD0i4qBWBhcfhSfGA==}
    engines: {node: ^20.19.0 || >=22.12.0}
    cpu: [riscv64]
    os: [linux]
    libc: [musl]

  '@oxlint/binding-linux-s390x-gnu@1.62.0':
    resolution: {integrity: sha512-Ew2Kxs9EQ9/mbAIJ2hvocMC0wsOu6YKzStI2eFBDt+Td5O8seVC/oxgRIHqCcl5sf5ratA1nozQBAuv7tphkHg==}
    engines: {node: ^20.19.0 || >=22.12.0}
    cpu: [s390x]
    os: [linux]
    libc: [glibc]

  '@oxlint/binding-linux-x64-gnu@1.62.0':
    resolution: {integrity: sha512-5z25jcAA0gfKyVwz71A0VXgaPlocPoTAxhlv/hgoK6tlCrfoNuw7haWbDHvGMfjXhdic4EqVXGRv5XsTqFnbRQ==}
    engines: {node: ^20.19.0 || >=22.12.0}
    cpu: [x64]
    os: [linux]
    libc: [glibc]

  '@oxlint/binding-linux-x64-musl@1.62.0':
    resolution: {integrity: sha512-IWpHmMB6ZDllPvqWDkG6AmXrN7JF5e/c4g/0PuURsmlK+vHoYZPB70rr4u1bn3I4LsKCSpqqfveyx6UCOC8wdg==}
    engines: {node: ^20.19.0 || >=22.12.0}
    cpu: [x64]
    os: [linux]
    libc: [musl]

  '@oxlint/binding-openharmony-arm64@1.62.0':
    resolution: {integrity: sha512-fjlSxxrD5pA594vkyikCS9MnPRjQawW6/BLgyTYkO+73wwPlYjkcZ7LSd974l0Q2zkHQmu4DPvJFLYA7o8xrxQ==}
    engines: {node: ^20.19.0 || >=22.12.0}
    cpu: [arm64]
    os: [openharmony]

  '@oxlint/binding-win32-arm64-msvc@1.62.0':
    resolution: {integrity: sha512-EiFXr8loNS0Ul3Gu80+9nr1T8jRmnKocqmHHg16tj5ZqTgUXyb97l2rrspVHdDluyFn9JfR4PoJFdNzw4paHww==}
    engines: {node: ^20.19.0 || >=22.12.0}
    cpu: [arm64]
    os: [win32]

  '@oxlint/binding-win32-ia32-msvc@1.62.0':
    resolution: {integrity: sha512-IgOFvL73li1bFgab+hThXYA0N2Xms2kV2MvZN95cebV+fmrZ9AVui1JSxfeeqRLo3CpPxKZlzhyq4G0cnaAvIw==}
    engines: {node: ^20.19.0 || >=22.12.0}
    cpu: [ia32]
    os: [win32]

  '@oxlint/binding-win32-x64-msvc@1.62.0':
    resolution: {integrity: sha512-6hMpyDWQ2zGA1OXFKBrdYMUveUCO8UJhkO6JdwZPd78xIdHZNhjx+pib+4fC2Cljuhjyl0QwA2F3df/bs4Bp6A==}
    engines: {node: ^20.19.0 || >=22.12.0}
    cpu: [x64]
    os: [win32]

  '@prettier/plugin-oxc@0.1.4':
    resolution: {integrity: sha512-P/KX37tuR1R7xMHMakgzdWsRDMeze7SkwUcGQKbqQVSsJLW0q5kxax2dxEJgK4E4zIoMy7pG6UUE7x4al8AQeg==}
    engines: {node: '>=14'}

  '@tybys/wasm-util@0.10.1':
    resolution: {integrity: sha512-9tTaPJLSiejZKx+Bmog4uSubteqTvFrVrURwkmHixBo0G4seD0zUxp98E1DzUBJxLQ3NPwXrGKDiVjwx/DpPsg==}

  '@types/node@24.12.2':
    resolution: {integrity: sha512-A1sre26ke7HDIuY/M23nd9gfB+nrmhtYyMINbjI1zHJxYteKR6qSMX56FsmjMcDb3SMcjJg5BiRRgOCC/yBD0g==}

  boolbase@1.0.0:
    resolution: {integrity: sha512-JZOSA7Mo9sNGB8+UjSgzdLtokWAky1zbztM3WRLCbZ70/3cTANmQmOdR7y2g+J0e2WXywy1yS468tY+IruqEww==}

  cheerio-select@2.1.0:
    resolution: {integrity: sha512-9v9kG0LvzrlcungtnJtpGNxY+fzECQKhK4EGJX2vByejiMX84MFNQw4UxPJl3bFbTMw+Dfs37XaIkCwTZfLh4g==}

  cheerio@1.2.0:
    resolution: {integrity: sha512-WDrybc/gKFpTYQutKIK6UvfcuxijIZfMfXaYm8NMsPQxSYvf+13fXUJ4rztGGbJcBQ/GF55gvrZ0Bc0bj/mqvg==}
    engines: {node: '>=20.18.1'}

  css-select@5.2.2:
    resolution: {integrity: sha512-TizTzUddG/xYLA3NXodFM0fSbNizXjOKhqiQQwvhlspadZokn1KDy0NZFS0wuEubIYAV5/c1/lAr0TaaFXEXzw==}

  css-what@6.2.2:
    resolution: {integrity: sha512-u/O3vwbptzhMs3L1fQE82ZSLHQQfto5gyZzwteVIEyeaY5Fc7R4dapF/BvRoSYFeqfBk4m0V1Vafq5Pjv25wvA==}
    engines: {node: '>= 6'}

  dom-serializer@2.0.0:
    resolution: {integrity: sha512-wIkAryiqt/nV5EQKqQpo3SToSOV9J0DnbJqwK7Wv/Trc92zIAYZ4FlMu+JPFW1DfGFt81ZTCGgDEabffXeLyJg==}

  domelementtype@2.3.0:
    resolution: {integrity: sha512-OLETBj6w0OsagBwdXnPdN0cnMfF9opN69co+7ZrbfPGrdpPVNBUj02spi6B1N7wChLQiPn4CSH/zJvXw56gmHw==}

  domhandler@5.0.3:
    resolution: {integrity: sha512-cgwlv/1iFQiFnU96XXgROh8xTeetsnJiDsTc7TYCLFd9+/WNkIqPTxiM/8pSd8VIrhXGTf1Ny1q1hquVqDJB5w==}
    engines: {node: '>= 4'}

  domutils@3.2.2:
    resolution: {integrity: sha512-6kZKyUajlDuqlHKVX1w7gyslj9MPIXzIFiz/rGu35uC1wMi+kMhQwGhl4lt9unC9Vb9INnY9Z3/ZA3+FhASLaw==}

  encoding-sniffer@0.2.1:
    resolution: {integrity: sha512-5gvq20T6vfpekVtqrYQsSCFZ1wEg5+wW0/QaZMWkFr6BqD3NfKs0rLCx4rrVlSWJeZb5NBJgVLswK/w2MWU+Gw==}

  entities@4.5.0:
    resolution: {integrity: sha512-V0hjH4dGPh9Ao5p0MoRY6BVqtwCjhz6vI5LT8AJ55H+4g9/4vbHx1I54fS0XuclLhDHArPQCiMjDxjaL8fPxhw==}
    engines: {node: '>=0.12'}

  entities@6.0.1:
    resolution: {integrity: sha512-aN97NXWF6AWBTahfVOIrB/NShkzi5H7F9r1s9mD3cDj4Ko5f2qhhVoYMibXF7GlLveb/D2ioWay8lxI97Ven3g==}
    engines: {node: '>=0.12'}

  entities@7.0.1:
    resolution: {integrity: sha512-TWrgLOFUQTH994YUyl1yT4uyavY5nNB5muff+RtWaqNVCAK408b5ZnnbNAUEWLTCpum9w6arT70i1XdQ4UeOPA==}
    engines: {node: '>=0.12'}

  htmlparser2@10.1.0:
    resolution: {integrity: sha512-VTZkM9GWRAtEpveh7MSF6SjjrpNVNNVJfFup7xTY3UpFtm67foy9HDVXneLtFVt4pMz5kZtgNcvCniNFb1hlEQ==}

  iconv-lite@0.6.3:
    resolution: {integrity: sha512-4fCk79wshMdzMp2rH06qWrJE4iolqLhCUH+OiuIgU++RB0+94NlDL81atO7GX55uUKueo0txHNtvEyI6D7WdMw==}
    engines: {node: '>=0.10.0'}

  nth-check@2.1.1:
    resolution: {integrity: sha512-lqjrjmaOoAnWfMmBPL+XNnynZh2+swxiX3WUE0s4yEHI6m+AwrK2UZOimIRl3X/4QctVqS8AiZjFqyOGrMXb/w==}

  oxc-parser@0.125.0:
    resolution: {integrity: sha512-6M0gEDDVMGGy+Ckg/mlLh4PL87sfKRMlkQJTVTxdcEREwDa4usWjM9n4jC6Jxa5+nc3YlZTecUs4hHjoTVWKaw==}
    engines: {node: ^20.19.0 || >=22.12.0}

  oxlint@1.62.0:
    resolution: {integrity: sha512-1uFkg6HakjsGIpW9wNdeW4/2LOHW9MEkoWjZUTUfQtIHyLIZPYt00w3Sg+H3lH+206FgBPHBbW5dVE5l2ExECQ==}
    engines: {node: ^20.19.0 || >=22.12.0}
    hasBin: true
    peerDependencies:
      oxlint-tsgolint: '>=0.18.0'
    peerDependenciesMeta:
      oxlint-tsgolint:
        optional: true

  parse5-htmlparser2-tree-adapter@7.1.0:
    resolution: {integrity: sha512-ruw5xyKs6lrpo9x9rCZqZZnIUntICjQAd0Wsmp396Ul9lN/h+ifgVV1x1gZHi8euej6wTfpqX8j+BFQxF0NS/g==}

  parse5-parser-stream@7.1.2:
    resolution: {integrity: sha512-JyeQc9iwFLn5TbvvqACIF/VXG6abODeB3Fwmv/TGdLk2LfbWkaySGY72at4+Ty7EkPZj854u4CrICqNk2qIbow==}

  parse5@7.3.0:
    resolution: {integrity: sha512-IInvU7fabl34qmi9gY8XOVxhYyMyuH2xUNpb2q8/Y+7552KlejkRvqvD19nMoUW/uQGGbqNpA6Tufu5FL5BZgw==}

  prettier@3.8.3:
    resolution: {integrity: sha512-7igPTM53cGHMW8xWuVTydi2KO233VFiTNyF5hLJqpilHfmn8C8gPf+PS7dUT64YcXFbiMGZxS9pCSxL/Dxm/Jw==}
    engines: {node: '>=14'}
    hasBin: true

  safer-buffer@2.1.2:
    resolution: {integrity: sha512-YZo3K82SD7Riyi0E1EQPojLz7kpepnSQI9IyPbHHg1XXXevb5dJI7tpyN2ADxGcQbHG7vcyRHk0cbwqcQriUtg==}

  tslib@2.8.1:
    resolution: {integrity: sha512-oJFu94HQb+KVduSUQL7wnpmqnfmLsOA/nAh6b6EH0wCEoK0/mPeXU6c3wKDV83MkOuHPRHtSXKKU99IBazS/2w==}

  typescript@6.0.3:
    resolution: {integrity: sha512-y2TvuxSZPDyQakkFRPZHKFm+KKVqIisdg9/CZwm9ftvKXLP8NRWj38/ODjNbr43SsoXqNuAisEf1GdCxqWcdBw==}
    engines: {node: '>=14.17'}
    hasBin: true

  undici-types@7.16.0:
    resolution: {integrity: sha512-Zz+aZWSj8LE6zoxD+xrjh4VfkIG8Ya6LvYkZqtUQGJPZjYl53ypCaUwWqo7eI0x66KBGeRo+mlBEkMSeSZ38Nw==}

  undici@7.25.0:
    resolution: {integrity: sha512-xXnp4kTyor2Zq+J1FfPI6Eq3ew5h6Vl0F/8d9XU5zZQf1tX9s2Su1/3PiMmUANFULpmksxkClamIZcaUqryHsQ==}
    engines: {node: '>=20.18.1'}

  whatwg-encoding@3.1.1:
    resolution: {integrity: sha512-6qN4hJdMwfYBtE3YBTTHhoeuUrDBPZmbQaxWAqSALV/MeEnR5z1xd8UKud2RAkFoPkmB+hli1TZSnyi84xz1vQ==}
    engines: {node: '>=18'}
    deprecated: Use @exodus/bytes instead for a more spec-conformant and faster implementation

  whatwg-mimetype@4.0.0:
    resolution: {integrity: sha512-QaKxh0eNIi2mE9p2vEdzfagOKHCcj1pJ56EEHGQOVxp8r9/iszLUUV7v89x9O1p/T+NlTM5W7jW6+cz4Fq1YVg==}
    engines: {node: '>=18'}

snapshots:

  '@emnapi/core@1.9.2':
    dependencies:
      '@emnapi/wasi-threads': 1.2.1
      tslib: 2.8.1
    optional: true

  '@emnapi/runtime@1.9.2':
    dependencies:
      tslib: 2.8.1
    optional: true

  '@emnapi/wasi-threads@1.2.1':
    dependencies:
      tslib: 2.8.1
    optional: true

  '@napi-rs/wasm-runtime@1.1.4(@emnapi/core@1.9.2)(@emnapi/runtime@1.9.2)':
    dependencies:
      '@emnapi/core': 1.9.2
      '@emnapi/runtime': 1.9.2
      '@tybys/wasm-util': 0.10.1
    optional: true

  '@oxc-parser/binding-android-arm-eabi@0.125.0':
    optional: true

  '@oxc-parser/binding-android-arm64@0.125.0':
    optional: true

  '@oxc-parser/binding-darwin-arm64@0.125.0':
    optional: true

  '@oxc-parser/binding-darwin-x64@0.125.0':
    optional: true

  '@oxc-parser/binding-freebsd-x64@0.125.0':
    optional: true

  '@oxc-parser/binding-linux-arm-gnueabihf@0.125.0':
    optional: true

  '@oxc-parser/binding-linux-arm-musleabihf@0.125.0':
    optional: true

  '@oxc-parser/binding-linux-arm64-gnu@0.125.0':
    optional: true

  '@oxc-parser/binding-linux-arm64-musl@0.125.0':
    optional: true

  '@oxc-parser/binding-linux-ppc64-gnu@0.125.0':
    optional: true

  '@oxc-parser/binding-linux-riscv64-gnu@0.125.0':
    optional: true

  '@oxc-parser/binding-linux-riscv64-musl@0.125.0':
    optional: true

  '@oxc-parser/binding-linux-s390x-gnu@0.125.0':
    optional: true

  '@oxc-parser/binding-linux-x64-gnu@0.125.0':
    optional: true

  '@oxc-parser/binding-linux-x64-musl@0.125.0':
    optional: true

  '@oxc-parser/binding-openharmony-arm64@0.125.0':
    optional: true

  '@oxc-parser/binding-wasm32-wasi@0.125.0':
    dependencies:
      '@emnapi/core': 1.9.2
      '@emnapi/runtime': 1.9.2
      '@napi-rs/wasm-runtime': 1.1.4(@emnapi/core@1.9.2)(@emnapi/runtime@1.9.2)
    optional: true

  '@oxc-parser/binding-win32-arm64-msvc@0.125.0':
    optional: true

  '@oxc-parser/binding-win32-ia32-msvc@0.125.0':
    optional: true

  '@oxc-parser/binding-win32-x64-msvc@0.125.0':
    optional: true

  '@oxc-project/types@0.125.0': {}

  '@oxlint/binding-android-arm-eabi@1.62.0':
    optional: true

  '@oxlint/binding-android-arm64@1.62.0':
    optional: true

  '@oxlint/binding-darwin-arm64@1.62.0':
    optional: true

  '@oxlint/binding-darwin-x64@1.62.0':
    optional: true

  '@oxlint/binding-freebsd-x64@1.62.0':
    optional: true

  '@oxlint/binding-linux-arm-gnueabihf@1.62.0':
    optional: true

  '@oxlint/binding-linux-arm-musleabihf@1.62.0':
    optional: true

  '@oxlint/binding-linux-arm64-gnu@1.62.0':
    optional: true

  '@oxlint/binding-linux-arm64-musl@1.62.0':
    optional: true

  '@oxlint/binding-linux-ppc64-gnu@1.62.0':
    optional: true

  '@oxlint/binding-linux-riscv64-gnu@1.62.0':
    optional: true

  '@oxlint/binding-linux-riscv64-musl@1.62.0':
    optional: true

  '@oxlint/binding-linux-s390x-gnu@1.62.0':
    optional: true

  '@oxlint/binding-linux-x64-gnu@1.62.0':
    optional: true

  '@oxlint/binding-linux-x64-musl@1.62.0':
    optional: true

  '@oxlint/binding-openharmony-arm64@1.62.0':
    optional: true

  '@oxlint/binding-win32-arm64-msvc@1.62.0':
    optional: true

  '@oxlint/binding-win32-ia32-msvc@1.62.0':
    optional: true

  '@oxlint/binding-win32-x64-msvc@1.62.0':
    optional: true

  '@prettier/plugin-oxc@0.1.4':
    dependencies:
      oxc-parser: 0.125.0

  '@tybys/wasm-util@0.10.1':
    dependencies:
      tslib: 2.8.1
    optional: true

  '@types/node@24.12.2':
    dependencies:
      undici-types: 7.16.0

  boolbase@1.0.0: {}

  cheerio-select@2.1.0:
    dependencies:
      boolbase: 1.0.0
      css-select: 5.2.2
      css-what: 6.2.2
      domelementtype: 2.3.0
      domhandler: 5.0.3
      domutils: 3.2.2

  cheerio@1.2.0:
    dependencies:
      cheerio-select: 2.1.0
      dom-serializer: 2.0.0
      domhandler: 5.0.3
      domutils: 3.2.2
      encoding-sniffer: 0.2.1
      htmlparser2: 10.1.0
      parse5: 7.3.0
      parse5-htmlparser2-tree-adapter: 7.1.0
      parse5-parser-stream: 7.1.2
      undici: 7.25.0
      whatwg-mimetype: 4.0.0

  css-select@5.2.2:
    dependencies:
      boolbase: 1.0.0
      css-what: 6.2.2
      domhandler: 5.0.3
      domutils: 3.2.2
      nth-check: 2.1.1

  css-what@6.2.2: {}

  dom-serializer@2.0.0:
    dependencies:
      domelementtype: 2.3.0
      domhandler: 5.0.3
      entities: 4.5.0

  domelementtype@2.3.0: {}

  domhandler@5.0.3:
    dependencies:
      domelementtype: 2.3.0

  domutils@3.2.2:
    dependencies:
      dom-serializer: 2.0.0
      domelementtype: 2.3.0
      domhandler: 5.0.3

  encoding-sniffer@0.2.1:
    dependencies:
      iconv-lite: 0.6.3
      whatwg-encoding: 3.1.1

  entities@4.5.0: {}

  entities@6.0.1: {}

  entities@7.0.1: {}

  htmlparser2@10.1.0:
    dependencies:
      domelementtype: 2.3.0
      domhandler: 5.0.3
      domutils: 3.2.2
      entities: 7.0.1

  iconv-lite@0.6.3:
    dependencies:
      safer-buffer: 2.1.2

  nth-check@2.1.1:
    dependencies:
      boolbase: 1.0.0

  oxc-parser@0.125.0:
    dependencies:
      '@oxc-project/types': 0.125.0
    optionalDependencies:
      '@oxc-parser/binding-android-arm-eabi': 0.125.0
      '@oxc-parser/binding-android-arm64': 0.125.0
      '@oxc-parser/binding-darwin-arm64': 0.125.0
      '@oxc-parser/binding-darwin-x64': 0.125.0
      '@oxc-parser/binding-freebsd-x64': 0.125.0
      '@oxc-parser/binding-linux-arm-gnueabihf': 0.125.0
      '@oxc-parser/binding-linux-arm-musleabihf': 0.125.0
      '@oxc-parser/binding-linux-arm64-gnu': 0.125.0
      '@oxc-parser/binding-linux-arm64-musl': 0.125.0
      '@oxc-parser/binding-linux-ppc64-gnu': 0.125.0
      '@oxc-parser/binding-linux-riscv64-gnu': 0.125.0
      '@oxc-parser/binding-linux-riscv64-musl': 0.125.0
      '@oxc-parser/binding-linux-s390x-gnu': 0.125.0
      '@oxc-parser/binding-linux-x64-gnu': 0.125.0
      '@oxc-parser/binding-linux-x64-musl': 0.125.0
      '@oxc-parser/binding-openharmony-arm64': 0.125.0
      '@oxc-parser/binding-wasm32-wasi': 0.125.0
      '@oxc-parser/binding-win32-arm64-msvc': 0.125.0
      '@oxc-parser/binding-win32-ia32-msvc': 0.125.0
      '@oxc-parser/binding-win32-x64-msvc': 0.125.0

  oxlint@1.62.0:
    optionalDependencies:
      '@oxlint/binding-android-arm-eabi': 1.62.0
      '@oxlint/binding-android-arm64': 1.62.0
      '@oxlint/binding-darwin-arm64': 1.62.0
      '@oxlint/binding-darwin-x64': 1.62.0
      '@oxlint/binding-freebsd-x64': 1.62.0
      '@oxlint/binding-linux-arm-gnueabihf': 1.62.0
      '@oxlint/binding-linux-arm-musleabihf': 1.62.0
      '@oxlint/binding-linux-arm64-gnu': 1.62.0
      '@oxlint/binding-linux-arm64-musl': 1.62.0
      '@oxlint/binding-linux-ppc64-gnu': 1.62.0
      '@oxlint/binding-linux-riscv64-gnu': 1.62.0
      '@oxlint/binding-linux-riscv64-musl': 1.62.0
      '@oxlint/binding-linux-s390x-gnu': 1.62.0
      '@oxlint/binding-linux-x64-gnu': 1.62.0
      '@oxlint/binding-linux-x64-musl': 1.62.0
      '@oxlint/binding-openharmony-arm64': 1.62.0
      '@oxlint/binding-win32-arm64-msvc': 1.62.0
      '@oxlint/binding-win32-ia32-msvc': 1.62.0
      '@oxlint/binding-win32-x64-msvc': 1.62.0

  parse5-htmlparser2-tree-adapter@7.1.0:
    dependencies:
      domhandler: 5.0.3
      parse5: 7.3.0

  parse5-parser-stream@7.1.2:
    dependencies:
      parse5: 7.3.0

  parse5@7.3.0:
    dependencies:
      entities: 6.0.1

  prettier@3.8.3: {}

  safer-buffer@2.1.2: {}

  tslib@2.8.1:
    optional: true

  typescript@6.0.3: {}

  undici-types@7.16.0: {}

  undici@7.25.0: {}

  whatwg-encoding@3.1.1:
    dependencies:
      iconv-lite: 0.6.3

  whatwg-mimetype@4.0.0: {}
